
Microsoft Visual Studio Solution File, Format Version 12.00
# Visual Studio 14
VisualStudioVersion = 14.0.24720.0
MinimumVisualStudioVersion = 10.0.40219.1
Project("{FAE04EC0-301F-11D3-BF4B-00C04F79EFBC}") = "Coman3.API", "Coman3.API\Coman3.API.csproj", "{79862C68-530A-4613-8DBD-776CCC0DD095}"
EndProject
Project("{FAE04EC0-301F-11D3-BF4B-00C04F79EFBC}") = "Coman3.API.Tests", "Coman3.API.Tests\Coman3.API.Tests.csproj", "{4391BFF5-59E3-4652-80A2-50CC91E586AA}"
EndProject
Global
	GlobalSection(SolutionConfigurationPlatforms) = preSolution
		Debug|Any CPU = Debug|Any CPU
		Release|Any CPU = Release|Any CPU
	EndGlobalSection
	GlobalSection(ProjectConfigurationPlatforms) = postSolution
		{79862C68-530A-4613-8DBD-776CCC0DD095}.Debug|Any CPU.ActiveCfg = Debug|Any CPU
		{79862C68-530A-4613-8DBD-776CCC0DD095}.Debug|Any CPU.Build.0 = Debug|Any CPU
		{79862C68-530A-4613-8DBD-776CCC0DD095}.Release|Any CPU.ActiveCfg = Release|Any CPU
		{79862C68-530A-4613-8DBD-776CCC0DD095}.Release|Any CPU.Build.0 = Release|Any CPU
		{4391BFF5-59E3-4652-80A2-50CC91E586AA}.Debug|Any CPU.ActiveCfg = Debug|Any CPU
		{4391BFF5-59E3-4652-80A2-50CC91E586AA}.Debug|Any CPU.Build.0 = Debug|Any CPU
		{4391BFF5-59E3-4652-80A2-50CC91E586AA}.Release|Any CPU.ActiveCfg = Release|Any CPU
		{4391BFF5-59E3-4652-80A2-50CC91E586AA}.Release|Any CPU.Build.0 = Release|Any CPU
	EndGlobalSection
	GlobalSection(SolutionProperties) = preSolution
		HideSolutionNode = FALSE
	EndGlobalSection
EndGlobal
